{
  "name": "demo",
  "lockfileVersion": 2,
  "requires": true,
  "packages": {
    "": {
      "dependencies": {
        "xterm": "^5.1.0",
        "xterm-addon-web-links": "^0.8.0"
      }
    },
    "node_modules/xterm": {
      "version": "5.1.0",
      "license": "MIT"
    },
    "node_modules/xterm-addon-web-links": {
      "version": "0.8.0",
      "license": "MIT",
      "peerDependencies": {
        "xterm": "^5.0.0"
      }
    }
  },
  "dependencies": {
    "xterm": {
      "version": "5.1.0"
    },
    "xterm-addon-web-links": {
      "version": "0.8.0",
      "requires": {}
    }
  }
}
